
Microsoft Visual Studio Solution File, Format Version 12.00
# Visual Studio Version 17
VisualStudioVersion = 17.8.34309.116
MinimumVisualStudioVersion = 10.0.40219.1
Project("{2150E333-8FDC-42A3-9474-1A3956D46DE8}") = "Source", "Source", "{5B5ED02C-662C-40C7-A65B-979DCCBEDE91}"
EndProject
Project("{2150E333-8FDC-42A3-9474-1A3956D46DE8}") = "Teste", "Teste", "{4A219602-FBD2-4EC3-9A8E-3828468BCD00}"
EndProject
Project("{2150E333-8FDC-42A3-9474-1A3956D46DE8}") = "BackEnd", "BackEnd", "{2BA0B0B3-E3B3-45D8-ABDC-049788C4001B}"
EndProject
Project("{2150E333-8FDC-42A3-9474-1A3956D46DE8}") = "Shared", "Shared", "{AE8682F8-E1B2-457D-955F-B8FCBDA2CAAA}"
EndProject
Project("{2150E333-8FDC-42A3-9474-1A3956D46DE8}") = "Mobile", "Mobile", "{7C99E686-4AA0-4C35-A071-8C2D006D0ACC}"
EndProject
Project("{FAE04EC0-301F-11D3-BF4B-00C04F79EFBC}") = "api.20.API", "Source\BackEnd\api.20.API\api.20.API.csproj", "{CBEE837F-A2D4-4D56-9950-A84438913C51}"
EndProject
Project("{FAE04EC0-301F-11D3-BF4B-00C04F79EFBC}") = "api2.0.Application", "Source\BackEnd\api2.0.Application\api2.0.Application.csproj", "{B993F9BD-EDD2-45A2-A4A1-3362B0D4F988}"
EndProject
Project("{FAE04EC0-301F-11D3-BF4B-00C04F79EFBC}") = "Api2.0.Infrascruture", "Source\BackEnd\Api2.0.Infrascruture\Api2.0.Infrascruture.csproj", "{FEE9EB97-4DCD-4350-AC1F-823F03BE958D}"
EndProject
Project("{FAE04EC0-301F-11D3-BF4B-00C04F79EFBC}") = "Ap2.0.Communication", "Source\Shared\Ap2.0.Communication\Ap2.0.Communication.csproj", "{09C5BE30-223E-4A5E-AF75-23320F8DD4D4}"
EndProject
Project("{FAE04EC0-301F-11D3-BF4B-00C04F79EFBC}") = "Api2.0.Exceptions", "Source\Shared\Api2.0.Exceptions\Api2.0.Exceptions.csproj", "{69FF34FF-8C64-4C9D-84B2-04526013055C}"
EndProject
Project("{FAE04EC0-301F-11D3-BF4B-00C04F79EFBC}") = "Api2.0.Domain", "Source\BackEnd\Api2.0.Domain\Api2.0.Domain.csproj", "{82114707-7C28-4408-8CA7-D41C2B995DD0}"
EndProject
Global
	GlobalSection(SolutionConfigurationPlatforms) = preSolution
		Debug|Any CPU = Debug|Any CPU
		Release|Any CPU = Release|Any CPU
	EndGlobalSection
	GlobalSection(ProjectConfigurationPlatforms) = postSolution
		{CBEE837F-A2D4-4D56-9950-A84438913C51}.Debug|Any CPU.ActiveCfg = Debug|Any CPU
		{CBEE837F-A2D4-4D56-9950-A84438913C51}.Debug|Any CPU.Build.0 = Debug|Any CPU
		{CBEE837F-A2D4-4D56-9950-A84438913C51}.Release|Any CPU.ActiveCfg = Release|Any CPU
		{CBEE837F-A2D4-4D56-9950-A84438913C51}.Release|Any CPU.Build.0 = Release|Any CPU
		{B993F9BD-EDD2-45A2-A4A1-3362B0D4F988}.Debug|Any CPU.ActiveCfg = Debug|Any CPU
		{B993F9BD-EDD2-45A2-A4A1-3362B0D4F988}.Debug|Any CPU.Build.0 = Debug|Any CPU
		{B993F9BD-EDD2-45A2-A4A1-3362B0D4F988}.Release|Any CPU.ActiveCfg = Release|Any CPU
		{B993F9BD-EDD2-45A2-A4A1-3362B0D4F988}.Release|Any CPU.Build.0 = Release|Any CPU
		{FEE9EB97-4DCD-4350-AC1F-823F03BE958D}.Debug|Any CPU.ActiveCfg = Debug|Any CPU
		{FEE9EB97-4DCD-4350-AC1F-823F03BE958D}.Debug|Any CPU.Build.0 = Debug|Any CPU
		{FEE9EB97-4DCD-4350-AC1F-823F03BE958D}.Release|Any CPU.ActiveCfg = Release|Any CPU
		{FEE9EB97-4DCD-4350-AC1F-823F03BE958D}.Release|Any CPU.Build.0 = Release|Any CPU
		{09C5BE30-223E-4A5E-AF75-23320F8DD4D4}.Debug|Any CPU.ActiveCfg = Debug|Any CPU
		{09C5BE30-223E-4A5E-AF75-23320F8DD4D4}.Debug|Any CPU.Build.0 = Debug|Any CPU
		{09C5BE30-223E-4A5E-AF75-23320F8DD4D4}.Release|Any CPU.ActiveCfg = Release|Any CPU
		{09C5BE30-223E-4A5E-AF75-23320F8DD4D4}.Release|Any CPU.Build.0 = Release|Any CPU
		{69FF34FF-8C64-4C9D-84B2-04526013055C}.Debug|Any CPU.ActiveCfg = Debug|Any CPU
		{69FF34FF-8C64-4C9D-84B2-04526013055C}.Debug|Any CPU.Build.0 = Debug|Any CPU
		{69FF34FF-8C64-4C9D-84B2-04526013055C}.Release|Any CPU.ActiveCfg = Release|Any CPU
		{69FF34FF-8C64-4C9D-84B2-04526013055C}.Release|Any CPU.Build.0 = Release|Any CPU
		{82114707-7C28-4408-8CA7-D41C2B995DD0}.Debug|Any CPU.ActiveCfg = Debug|Any CPU
		{82114707-7C28-4408-8CA7-D41C2B995DD0}.Debug|Any CPU.Build.0 = Debug|Any CPU
		{82114707-7C28-4408-8CA7-D41C2B995DD0}.Release|Any CPU.ActiveCfg = Release|Any CPU
		{82114707-7C28-4408-8CA7-D41C2B995DD0}.Release|Any CPU.Build.0 = Release|Any CPU
	EndGlobalSection
	GlobalSection(SolutionProperties) = preSolution
		HideSolutionNode = FALSE
	EndGlobalSection
	GlobalSection(NestedProjects) = preSolution
		{2BA0B0B3-E3B3-45D8-ABDC-049788C4001B} = {5B5ED02C-662C-40C7-A65B-979DCCBEDE91}
		{AE8682F8-E1B2-457D-955F-B8FCBDA2CAAA} = {5B5ED02C-662C-40C7-A65B-979DCCBEDE91}
		{7C99E686-4AA0-4C35-A071-8C2D006D0ACC} = {5B5ED02C-662C-40C7-A65B-979DCCBEDE91}
		{CBEE837F-A2D4-4D56-9950-A84438913C51} = {2BA0B0B3-E3B3-45D8-ABDC-049788C4001B}
		{B993F9BD-EDD2-45A2-A4A1-3362B0D4F988} = {2BA0B0B3-E3B3-45D8-ABDC-049788C4001B}
		{FEE9EB97-4DCD-4350-AC1F-823F03BE958D} = {2BA0B0B3-E3B3-45D8-ABDC-049788C4001B}
		{09C5BE30-223E-4A5E-AF75-23320F8DD4D4} = {AE8682F8-E1B2-457D-955F-B8FCBDA2CAAA}
		{69FF34FF-8C64-4C9D-84B2-04526013055C} = {AE8682F8-E1B2-457D-955F-B8FCBDA2CAAA}
		{82114707-7C28-4408-8CA7-D41C2B995DD0} = {2BA0B0B3-E3B3-45D8-ABDC-049788C4001B}
	EndGlobalSection
	GlobalSection(ExtensibilityGlobals) = postSolution
		SolutionGuid = {DC18684C-F1E4-4A7D-888A-45EDB61BBD49}
	EndGlobalSection
EndGlobal
