
Microsoft Visual Studio Solution File, Format Version 12.00
# Visual Studio Version 17
VisualStudioVersion = 17.8.34309.116
MinimumVisualStudioVersion = 10.0.40219.1
Project("{2150E333-8FDC-42A3-9474-1A3956D46DE8}") = "Source", "Source", "{5B5ED02C-662C-40C7-A65B-979DCCBEDE91}"
EndProject
Project("{2150E333-8FDC-42A3-9474-1A3956D46DE8}") = "Teste", "Teste", "{4A219602-FBD2-4EC3-9A8E-3828468BCD00}"
EndProject
Project("{2150E333-8FDC-42A3-9474-1A3956D46DE8}") = "BackEnd", "BackEnd", "{2BA0B0B3-E3B3-45D8-ABDC-049788C4001B}"
EndProject
Project("{2150E333-8FDC-42A3-9474-1A3956D46DE8}") = "Shared", "Shared", "{AE8682F8-E1B2-457D-955F-B8FCBDA2CAAA}"
EndProject
Project("{2150E333-8FDC-42A3-9474-1A3956D46DE8}") = "Mobile", "Mobile", "{7C99E686-4AA0-4C35-A071-8C2D006D0ACC}"
EndProject
Project("{9A19103F-16F7-4668-BE54-9A1E7A4F7556}") = "serverT2.Communication", "Source\Shared\serverT2.Communication\serverT2.Communication.csproj", "{804D38E1-C334-41D3-B925-FFFC454D3CCF}"
EndProject
Project("{9A19103F-16F7-4668-BE54-9A1E7A4F7556}") = "serverT2.Exceptions", "Source\Shared\serverT2.Exceptions\serverT2.Exceptions.csproj", "{766808D0-F24F-41D5-B2F3-6963A6D35BCF}"
EndProject
Project("{9A19103F-16F7-4668-BE54-9A1E7A4F7556}") = "serverT2.API", "Source\BackEnd\serverT2.API\serverT2.API.csproj", "{F52E53DF-8FA2-47CB-9547-6C754060D3CE}"
EndProject
Project("{9A19103F-16F7-4668-BE54-9A1E7A4F7556}") = "serverT2.Application", "Source\BackEnd\serverT2.Application\serverT2.Application.csproj", "{ACD54DF9-3F66-42E5-A8FA-705C1D9CF62C}"
EndProject
Project("{9A19103F-16F7-4668-BE54-9A1E7A4F7556}") = "serverT2.Domain", "Source\BackEnd\serverT2.Domain\serverT2.Domain.csproj", "{203FEA40-975A-42B9-90D1-B4733313336D}"
EndProject
Project("{9A19103F-16F7-4668-BE54-9A1E7A4F7556}") = "serverT2.Infrascruture", "Source\BackEnd\serverT2.Infrascruture\serverT2.Infrascruture.csproj", "{66DCE6FD-1339-4C2C-B470-BF157D7AE9D5}"
EndProject
Global
	GlobalSection(SolutionConfigurationPlatforms) = preSolution
		Debug|Any CPU = Debug|Any CPU
		Release|Any CPU = Release|Any CPU
	EndGlobalSection
	GlobalSection(ProjectConfigurationPlatforms) = postSolution
		{804D38E1-C334-41D3-B925-FFFC454D3CCF}.Debug|Any CPU.ActiveCfg = Debug|Any CPU
		{804D38E1-C334-41D3-B925-FFFC454D3CCF}.Debug|Any CPU.Build.0 = Debug|Any CPU
		{804D38E1-C334-41D3-B925-FFFC454D3CCF}.Release|Any CPU.ActiveCfg = Release|Any CPU
		{804D38E1-C334-41D3-B925-FFFC454D3CCF}.Release|Any CPU.Build.0 = Release|Any CPU
		{766808D0-F24F-41D5-B2F3-6963A6D35BCF}.Debug|Any CPU.ActiveCfg = Debug|Any CPU
		{766808D0-F24F-41D5-B2F3-6963A6D35BCF}.Debug|Any CPU.Build.0 = Debug|Any CPU
		{766808D0-F24F-41D5-B2F3-6963A6D35BCF}.Release|Any CPU.ActiveCfg = Release|Any CPU
		{766808D0-F24F-41D5-B2F3-6963A6D35BCF}.Release|Any CPU.Build.0 = Release|Any CPU
		{F52E53DF-8FA2-47CB-9547-6C754060D3CE}.Debug|Any CPU.ActiveCfg = Debug|Any CPU
		{F52E53DF-8FA2-47CB-9547-6C754060D3CE}.Debug|Any CPU.Build.0 = Debug|Any CPU
		{F52E53DF-8FA2-47CB-9547-6C754060D3CE}.Release|Any CPU.ActiveCfg = Release|Any CPU
		{F52E53DF-8FA2-47CB-9547-6C754060D3CE}.Release|Any CPU.Build.0 = Release|Any CPU
		{ACD54DF9-3F66-42E5-A8FA-705C1D9CF62C}.Debug|Any CPU.ActiveCfg = Debug|Any CPU
		{ACD54DF9-3F66-42E5-A8FA-705C1D9CF62C}.Debug|Any CPU.Build.0 = Debug|Any CPU
		{ACD54DF9-3F66-42E5-A8FA-705C1D9CF62C}.Release|Any CPU.ActiveCfg = Release|Any CPU
		{ACD54DF9-3F66-42E5-A8FA-705C1D9CF62C}.Release|Any CPU.Build.0 = Release|Any CPU
		{203FEA40-975A-42B9-90D1-B4733313336D}.Debug|Any CPU.ActiveCfg = Debug|Any CPU
		{203FEA40-975A-42B9-90D1-B4733313336D}.Debug|Any CPU.Build.0 = Debug|Any CPU
		{203FEA40-975A-42B9-90D1-B4733313336D}.Release|Any CPU.ActiveCfg = Release|Any CPU
		{203FEA40-975A-42B9-90D1-B4733313336D}.Release|Any CPU.Build.0 = Release|Any CPU
		{66DCE6FD-1339-4C2C-B470-BF157D7AE9D5}.Debug|Any CPU.ActiveCfg = Debug|Any CPU
		{66DCE6FD-1339-4C2C-B470-BF157D7AE9D5}.Debug|Any CPU.Build.0 = Debug|Any CPU
		{66DCE6FD-1339-4C2C-B470-BF157D7AE9D5}.Release|Any CPU.ActiveCfg = Release|Any CPU
		{66DCE6FD-1339-4C2C-B470-BF157D7AE9D5}.Release|Any CPU.Build.0 = Release|Any CPU
	EndGlobalSection
	GlobalSection(SolutionProperties) = preSolution
		HideSolutionNode = FALSE
	EndGlobalSection
	GlobalSection(NestedProjects) = preSolution
		{2BA0B0B3-E3B3-45D8-ABDC-049788C4001B} = {5B5ED02C-662C-40C7-A65B-979DCCBEDE91}
		{AE8682F8-E1B2-457D-955F-B8FCBDA2CAAA} = {5B5ED02C-662C-40C7-A65B-979DCCBEDE91}
		{7C99E686-4AA0-4C35-A071-8C2D006D0ACC} = {5B5ED02C-662C-40C7-A65B-979DCCBEDE91}
		{804D38E1-C334-41D3-B925-FFFC454D3CCF} = {AE8682F8-E1B2-457D-955F-B8FCBDA2CAAA}
		{766808D0-F24F-41D5-B2F3-6963A6D35BCF} = {AE8682F8-E1B2-457D-955F-B8FCBDA2CAAA}
		{F52E53DF-8FA2-47CB-9547-6C754060D3CE} = {2BA0B0B3-E3B3-45D8-ABDC-049788C4001B}
		{ACD54DF9-3F66-42E5-A8FA-705C1D9CF62C} = {2BA0B0B3-E3B3-45D8-ABDC-049788C4001B}
		{203FEA40-975A-42B9-90D1-B4733313336D} = {2BA0B0B3-E3B3-45D8-ABDC-049788C4001B}
		{66DCE6FD-1339-4C2C-B470-BF157D7AE9D5} = {2BA0B0B3-E3B3-45D8-ABDC-049788C4001B}
	EndGlobalSection
	GlobalSection(ExtensibilityGlobals) = postSolution
		SolutionGuid = {DC18684C-F1E4-4A7D-888A-45EDB61BBD49}
	EndGlobalSection
EndGlobal
